
Microsoft Visual Studio Solution File, Format Version 12.00
# Visual Studio Version 17
VisualStudioVersion = 17.3.32929.385
MinimumVisualStudioVersion = 10.0.40219.1
Project("{9A19103F-16F7-4668-BE54-9A1E7A4F7556}") = "Kalkulacka", "Kalkulacka\Kalkulacka.csproj", "{5036C32E-1908-4A41-A676-512255BE4ABC}"
EndProject
Global
	GlobalSection(SolutionConfigurationPlatforms) = preSolution
		Debug|Any CPU = Debug|Any CPU
		Release|Any CPU = Release|Any CPU
	EndGlobalSection
	GlobalSection(ProjectConfigurationPlatforms) = postSolution
		{5036C32E-1908-4A41-A676-512255BE4ABC}.Debug|Any CPU.ActiveCfg = Debug|Any CPU
		{5036C32E-1908-4A41-A676-512255BE4ABC}.Debug|Any CPU.Build.0 = Debug|Any CPU
		{5036C32E-1908-4A41-A676-512255BE4ABC}.Release|Any CPU.ActiveCfg = Release|Any CPU
		{5036C32E-1908-4A41-A676-512255BE4ABC}.Release|Any CPU.Build.0 = Release|Any CPU
	EndGlobalSection
	GlobalSection(SolutionProperties) = preSolution
		HideSolutionNode = FALSE
	EndGlobalSection
	GlobalSection(ExtensibilityGlobals) = postSolution
		SolutionGuid = {5D6F08CB-1087-49DE-B05C-7384EE376D46}
	EndGlobalSection
EndGlobal
